
Microsoft Visual Studio Solution File, Format Version 12.00
# Visual Studio 15
VisualStudioVersion = 15.0.28307.1259
MinimumVisualStudioVersion = 10.0.40219.1
Project("{E24C65DC-7377-472B-9ABA-BC803B73C61A}") = "NEWCOMPUWORLD", "NEWCOMPUWORLD\", "{635B2A40-BE50-437F-9C61-A86096927AF2}"
	ProjectSection(WebsiteProperties) = preProject
		TargetFrameworkMoniker = ".NETFramework,Version%3Dv4.6.1"
		Debug.AspNetCompiler.VirtualPath = "/localhost_55983"
		Debug.AspNetCompiler.PhysicalPath = "NEWCOMPUWORLD\"
		Debug.AspNetCompiler.TargetPath = "PrecompiledWeb\localhost_55983\"
		Debug.AspNetCompiler.Updateable = "true"
		Debug.AspNetCompiler.ForceOverwrite = "true"
		Debug.AspNetCompiler.FixedNames = "false"
		Debug.AspNetCompiler.Debug = "True"
		Release.AspNetCompiler.VirtualPath = "/localhost_55983"
		Release.AspNetCompiler.PhysicalPath = "NEWCOMPUWORLD\"
		Release.AspNetCompiler.TargetPath = "PrecompiledWeb\localhost_55983\"
		Release.AspNetCompiler.Updateable = "true"
		Release.AspNetCompiler.ForceOverwrite = "true"
		Release.AspNetCompiler.FixedNames = "false"
		Release.AspNetCompiler.Debug = "False"
		VWDPort = "55983"
		SlnRelativePath = "NEWCOMPUWORLD\"
		DefaultWebSiteLanguage = "Visual Basic"
	EndProjectSection
EndProject
Global
	GlobalSection(SolutionConfigurationPlatforms) = preSolution
		Debug|Any CPU = Debug|Any CPU
	EndGlobalSection
	GlobalSection(ProjectConfigurationPlatforms) = postSolution
		{635B2A40-BE50-437F-9C61-A86096927AF2}.Debug|Any CPU.ActiveCfg = Debug|Any CPU
		{635B2A40-BE50-437F-9C61-A86096927AF2}.Debug|Any CPU.Build.0 = Debug|Any CPU
	EndGlobalSection
	GlobalSection(SolutionProperties) = preSolution
		HideSolutionNode = FALSE
	EndGlobalSection
	GlobalSection(ExtensibilityGlobals) = postSolution
		SolutionGuid = {A6D2DFBC-D215-49C7-AB77-C2B1E87F3D11}
	EndGlobalSection
EndGlobal
